
Microsoft Visual Studio Solution File, Format Version 12.00
# Visual Studio 15
VisualStudioVersion = 15.0.27703.2026
MinimumVisualStudioVersion = 10.0.40219.1
Project("{888888A0-9F3D-457C-B088-3A5042F75D52}") = "Optical Fiber DSP", "Optical Fiber DSP.pyproj", "{58A347BE-2DB0-4756-B8E0-A8F1353AF3D6}"
EndProject
Global
	GlobalSection(SolutionConfigurationPlatforms) = preSolution
		Debug|Any CPU = Debug|Any CPU
		Release|Any CPU = Release|Any CPU
	EndGlobalSection
	GlobalSection(ProjectConfigurationPlatforms) = postSolution
		{58A347BE-2DB0-4756-B8E0-A8F1353AF3D6}.Debug|Any CPU.ActiveCfg = Debug|Any CPU
		{58A347BE-2DB0-4756-B8E0-A8F1353AF3D6}.Release|Any CPU.ActiveCfg = Release|Any CPU
	EndGlobalSection
	GlobalSection(SolutionProperties) = preSolution
		HideSolutionNode = FALSE
	EndGlobalSection
	GlobalSection(ExtensibilityGlobals) = postSolution
		SolutionGuid = {1E892FC5-AC2E-41E5-83F4-BD50D8A50844}
	EndGlobalSection
EndGlobal
